// !$*UTF8*$!
{
	archiveVersion = 1;
	classes = {
	};
	objectVersion = 46;
	objects = {

/* Begin PBXBuildFile section */
		FAAA60471DD8F89500F79418 /* AppDelegate.swift in Sources */ = {isa = PBXBuildFile; fileRef = FAAA60461DD8F89500F79418 /* AppDelegate.swift */; };
		FAAA604C1DD8F89500F79418 /* Semesters.storyboard in Resources */ = {isa = PBXBuildFile; fileRef = FAAA604A1DD8F89500F79418 /* Semesters.storyboard */; };
		FAAA60511DD8F89500F79418 /* Assets.xcassets in Resources */ = {isa = PBXBuildFile; fileRef = FAAA60501DD8F89500F79418 /* Assets.xcassets */; };
		FAAA60541DD8F89500F79418 /* LaunchScreen.storyboard in Resources */ = {isa = PBXBuildFile; fileRef = FAAA60521DD8F89500F79418 /* LaunchScreen.storyboard */; };
		FAAA60601DD8F90300F79418 /* SanAcademics.xcdatamodeld in Sources */ = {isa = PBXBuildFile; fileRef = FAAA605B1DD8F90300F79418 /* SanAcademics.xcdatamodeld */; };
		FAAA60611DD8F90300F79418 /* SemestersTableViewController.swift in Sources */ = {isa = PBXBuildFile; fileRef = FAAA605D1DD8F90300F79418 /* SemestersTableViewController.swift */; };
		FAAA60621DD8F90300F79418 /* SemesterTableViewCell.swift in Sources */ = {isa = PBXBuildFile; fileRef = FAAA605E1DD8F90300F79418 /* SemesterTableViewCell.swift */; };
		FAAA60631DD8F90300F79418 /* SemesterViewController.swift in Sources */ = {isa = PBXBuildFile; fileRef = FAAA605F1DD8F90300F79418 /* SemesterViewController.swift */; };
		FAAA606D1DD8F94200F79418 /* MathParser.framework in Frameworks */ = {isa = PBXBuildFile; fileRef = FAAA606A1DD8F93900F79418 /* MathParser.framework */; };
		FAAA60711DD8FD8100F79418 /* SemestersSplitViewController.swift in Sources */ = {isa = PBXBuildFile; fileRef = FAAA60701DD8FD8100F79418 /* SemestersSplitViewController.swift */; };
		FAAA60731DD91D4C00F79418 /* Init.storyboard in Resources */ = {isa = PBXBuildFile; fileRef = FAAA60721DD91D4C00F79418 /* Init.storyboard */; };
		FAAA60781DD9228500F79418 /* StudyPlansTableViewController.swift in Sources */ = {isa = PBXBuildFile; fileRef = FAAA60771DD9228500F79418 /* StudyPlansTableViewController.swift */; };
		FAAA607A1DD9231D00F79418 /* StudyPlanTableViewCell.swift in Sources */ = {isa = PBXBuildFile; fileRef = FAAA60791DD9231D00F79418 /* StudyPlanTableViewCell.swift */; };
		FAAA607D1DD926E100F79418 /* StudentsViewController.swift in Sources */ = {isa = PBXBuildFile; fileRef = FAAA607C1DD926E100F79418 /* StudentsViewController.swift */; };
		FAAA60801DD9289300F79418 /* Utilities.swift in Sources */ = {isa = PBXBuildFile; fileRef = FAAA607F1DD9289300F79418 /* Utilities.swift */; };
/* End PBXBuildFile section */

/* Begin PBXContainerItemProxy section */
		FAAA60691DD8F93900F79418 /* PBXContainerItemProxy */ = {
			isa = PBXContainerItemProxy;
			containerPortal = FAAA60641DD8F93800F79418 /* DDMathParser.xcodeproj */;
			proxyType = 2;
			remoteGlobalIDString = 559B3EF91B74063600000108;
			remoteInfo = MathParser;
		};
		FAAA606B1DD8F93900F79418 /* PBXContainerItemProxy */ = {
			isa = PBXContainerItemProxy;
			containerPortal = FAAA60641DD8F93800F79418 /* DDMathParser.xcodeproj */;
			proxyType = 2;
			remoteGlobalIDString = 559B3F021B74063600000108;
			remoteInfo = MathParserTests;
		};
/* End PBXContainerItemProxy section */

/* Begin PBXFileReference section */
		FAAA60431DD8F89500F79418 /* SanAcademics.app */ = {isa = PBXFileReference; explicitFileType = wrapper.application; includeInIndex = 0; path = SanAcademics.app; sourceTree = BUILT_PRODUCTS_DIR; };
		FAAA60461DD8F89500F79418 /* AppDelegate.swift */ = {isa = PBXFileReference; lastKnownFileType = sourcecode.swift; path = AppDelegate.swift; sourceTree = "<group>"; };
		FAAA604B1DD8F89500F79418 /* Base */ = {isa = PBXFileReference; lastKnownFileType = file.storyboard; name = Base; path = Base.lproj/Semesters.storyboard; sourceTree = "<group>"; };
		FAAA60501DD8F89500F79418 /* Assets.xcassets */ = {isa = PBXFileReference; lastKnownFileType = folder.assetcatalog; path = Assets.xcassets; sourceTree = "<group>"; };
		FAAA60531DD8F89500F79418 /* Base */ = {isa = PBXFileReference; lastKnownFileType = file.storyboard; name = Base; path = Base.lproj/LaunchScreen.storyboard; sourceTree = "<group>"; };
		FAAA60551DD8F89500F79418 /* Info.plist */ = {isa = PBXFileReference; lastKnownFileType = text.plist.xml; path = Info.plist; sourceTree = "<group>"; };
		FAAA605C1DD8F90300F79418 /* SanAcademics.xcdatamodel */ = {isa = PBXFileReference; lastKnownFileType = wrapper.xcdatamodel; path = SanAcademics.xcdatamodel; sourceTree = "<group>"; };
		FAAA605D1DD8F90300F79418 /* SemestersTableViewController.swift */ = {isa = PBXFileReference; fileEncoding = 4; lastKnownFileType = sourcecode.swift; path = SemestersTableViewController.swift; sourceTree = "<group>"; };
		FAAA605E1DD8F90300F79418 /* SemesterTableViewCell.swift */ = {isa = PBXFileReference; fileEncoding = 4; lastKnownFileType = sourcecode.swift; path = SemesterTableViewCell.swift; sourceTree = "<group>"; };
		FAAA605F1DD8F90300F79418 /* SemesterViewController.swift */ = {isa = PBXFileReference; fileEncoding = 4; lastKnownFileType = sourcecode.swift; path = SemesterViewController.swift; sourceTree = "<group>"; };
		FAAA60641DD8F93800F79418 /* DDMathParser.xcodeproj */ = {isa = PBXFileReference; lastKnownFileType = "wrapper.pb-project"; name = DDMathParser.xcodeproj; path = DDMathParser/DDMathParser.xcodeproj; sourceTree = "<group>"; };
		FAAA60701DD8FD8100F79418 /* SemestersSplitViewController.swift */ = {isa = PBXFileReference; fileEncoding = 4; lastKnownFileType = sourcecode.swift; path = SemestersSplitViewController.swift; sourceTree = "<group>"; };
		FAAA60721DD91D4C00F79418 /* Init.storyboard */ = {isa = PBXFileReference; fileEncoding = 4; lastKnownFileType = file.storyboard; path = Init.storyboard; sourceTree = "<group>"; };
		FAAA60771DD9228500F79418 /* StudyPlansTableViewController.swift */ = {isa = PBXFileReference; fileEncoding = 4; lastKnownFileType = sourcecode.swift; path = StudyPlansTableViewController.swift; sourceTree = "<group>"; };
		FAAA60791DD9231D00F79418 /* StudyPlanTableViewCell.swift */ = {isa = PBXFileReference; fileEncoding = 4; lastKnownFileType = sourcecode.swift; path = StudyPlanTableViewCell.swift; sourceTree = "<group>"; };
		FAAA607C1DD926E100F79418 /* StudentsViewController.swift */ = {isa = PBXFileReference; fileEncoding = 4; lastKnownFileType = sourcecode.swift; path = StudentsViewController.swift; sourceTree = "<group>"; };
		FAAA607F1DD9289300F79418 /* Utilities.swift */ = {isa = PBXFileReference; fileEncoding = 4; lastKnownFileType = sourcecode.swift; path = Utilities.swift; sourceTree = "<group>"; };
/* End PBXFileReference section */

/* Begin PBXFrameworksBuildPhase section */
		FAAA60401DD8F89500F79418 /* Frameworks */ = {
			isa = PBXFrameworksBuildPhase;
			buildActionMask = 2147483647;
			files = (
				FAAA606D1DD8F94200F79418 /* MathParser.framework in Frameworks */,
			);
			runOnlyForDeploymentPostprocessing = 0;
		};
/* End PBXFrameworksBuildPhase section */

/* Begin PBXGroup section */
		FAAA603A1DD8F89500F79418 = {
			isa = PBXGroup;
			children = (
				FAAA60641DD8F93800F79418 /* DDMathParser.xcodeproj */,
				FAAA60451DD8F89500F79418 /* SanAcademics */,
				FAAA60441DD8F89500F79418 /* Products */,
			);
			sourceTree = "<group>";
		};
		FAAA60441DD8F89500F79418 /* Products */ = {
			isa = PBXGroup;
			children = (
				FAAA60431DD8F89500F79418 /* SanAcademics.app */,
			);
			name = Products;
			sourceTree = "<group>";
		};
		FAAA60451DD8F89500F79418 /* SanAcademics */ = {
			isa = PBXGroup;
			children = (
				FAAA607E1DD9288000F79418 /* Utilities */,
				FAAA60751DD921EF00F79418 /* Views */,
				FAAA606E1DD8F95800F79418 /* Controllers */,
				FAAA606F1DD8F95D00F79418 /* Storyboards */,
				FAAA60461DD8F89500F79418 /* AppDelegate.swift */,
				FAAA60501DD8F89500F79418 /* Assets.xcassets */,
				FAAA60551DD8F89500F79418 /* Info.plist */,
				FAAA605B1DD8F90300F79418 /* SanAcademics.xcdatamodeld */,
			);
			path = SanAcademics;
			sourceTree = "<group>";
		};
		FAAA60651DD8F93800F79418 /* Products */ = {
			isa = PBXGroup;
			children = (
				FAAA606A1DD8F93900F79418 /* MathParser.framework */,
				FAAA606C1DD8F93900F79418 /* MathParserTests.xctest */,
			);
			name = Products;
			sourceTree = "<group>";
		};
		FAAA606E1DD8F95800F79418 /* Controllers */ = {
			isa = PBXGroup;
			children = (
				FAAA607B1DD926C800F79418 /* Students */,
				FAAA60761DD9226200F79418 /* StudyPlans */,
				FAAA60741DD91DC600F79418 /* Semesters */,
			);
			name = Controllers;
			sourceTree = "<group>";
		};
		FAAA606F1DD8F95D00F79418 /* Storyboards */ = {
			isa = PBXGroup;
			children = (
				FAAA60721DD91D4C00F79418 /* Init.storyboard */,
				FAAA604A1DD8F89500F79418 /* Semesters.storyboard */,
				FAAA60521DD8F89500F79418 /* LaunchScreen.storyboard */,
			);
			name = Storyboards;
			sourceTree = "<group>";
		};
		FAAA60741DD91DC600F79418 /* Semesters */ = {
			isa = PBXGroup;
			children = (
				FAAA605D1DD8F90300F79418 /* SemestersTableViewController.swift */,
				FAAA605F1DD8F90300F79418 /* SemesterViewController.swift */,
				FAAA60701DD8FD8100F79418 /* SemestersSplitViewController.swift */,
			);
			name = Semesters;
			sourceTree = "<group>";
		};
		FAAA60751DD921EF00F79418 /* Views */ = {
			isa = PBXGroup;
			children = (
				FAAA605E1DD8F90300F79418 /* SemesterTableViewCell.swift */,
				FAAA60791DD9231D00F79418 /* StudyPlanTableViewCell.swift */,
			);
			name = Views;
			sourceTree = "<group>";
		};
		FAAA60761DD9226200F79418 /* StudyPlans */ = {
			isa = PBXGroup;
			children = (
				FAAA60771DD9228500F79418 /* StudyPlansTableViewController.swift */,
			);
			name = StudyPlans;
			sourceTree = "<group>";
		};
		FAAA607B1DD926C800F79418 /* Students */ = {
			isa = PBXGroup;
			children = (
				FAAA607C1DD926E100F79418 /* StudentsViewController.swift */,
			);
			name = Students;
			sourceTree = "<group>";
		};
		FAAA607E1DD9288000F79418 /* Utilities */ = {
			isa = PBXGroup;
			children = (
				FAAA607F1DD9289300F79418 /* Utilities.swift */,
			);
			name = Utilities;
			sourceTree = "<group>";
		};
/* End PBXGroup section */

/* Begin PBXNativeTarget section */
		FAAA60421DD8F89500F79418 /* SanAcademics */ = {
			isa = PBXNativeTarget;
			buildConfigurationList = FAAA60581DD8F89500F79418 /* Build configuration list for PBXNativeTarget "SanAcademics" */;
			buildPhases = (
				FAAA603F1DD8F89500F79418 /* Sources */,
				FAAA60401DD8F89500F79418 /* Frameworks */,
				FAAA60411DD8F89500F79418 /* Resources */,
			);
			buildRules = (
			);
			dependencies = (
			);
			name = SanAcademics;
			productName = SanAcademics;
			productReference = FAAA60431DD8F89500F79418 /* SanAcademics.app */;
			productType = "com.apple.product-type.application";
		};
/* End PBXNativeTarget section */

/* Begin PBXProject section */
		FAAA603B1DD8F89500F79418 /* Project object */ = {
			isa = PBXProject;
			attributes = {
				LastSwiftUpdateCheck = 0810;
				LastUpgradeCheck = 0810;
				ORGANIZATIONNAME = SanIdeas;
				TargetAttributes = {
					FAAA60421DD8F89500F79418 = {
						CreatedOnToolsVersion = 8.1;
						ProvisioningStyle = Automatic;
					};
				};
			};
			buildConfigurationList = FAAA603E1DD8F89500F79418 /* Build configuration list for PBXProject "SanAcademics" */;
			compatibilityVersion = "Xcode 3.2";
			developmentRegion = English;
			hasScannedForEncodings = 0;
			knownRegions = (
				en,
				Base,
			);
			mainGroup = FAAA603A1DD8F89500F79418;
			productRefGroup = FAAA60441DD8F89500F79418 /* Products */;
			projectDirPath = "";
			projectReferences = (
				{
					ProductGroup = FAAA60651DD8F93800F79418 /* Products */;
					ProjectRef = FAAA60641DD8F93800F79418 /* DDMathParser.xcodeproj */;
				},
			);
			projectRoot = "";
			targets = (
				FAAA60421DD8F89500F79418 /* SanAcademics */,
			);
		};
/* End PBXProject section */

/* Begin PBXReferenceProxy section */
		FAAA606A1DD8F93900F79418 /* MathParser.framework */ = {
			isa = PBXReferenceProxy;
			fileType = wrapper.framework;
			path = MathParser.framework;
			remoteRef = FAAA60691DD8F93900F79418 /* PBXContainerItemProxy */;
			sourceTree = BUILT_PRODUCTS_DIR;
		};
		FAAA606C1DD8F93900F79418 /* MathParserTests.xctest */ = {
			isa = PBXReferenceProxy;
			fileType = wrapper.cfbundle;
			path = MathParserTests.xctest;
			remoteRef = FAAA606B1DD8F93900F79418 /* PBXContainerItemProxy */;
			sourceTree = BUILT_PRODUCTS_DIR;
		};
/* End PBXReferenceProxy section */

/* Begin PBXResourcesBuildPhase section */
		FAAA60411DD8F89500F79418 /* Resources */ = {
			isa = PBXResourcesBuildPhase;
			buildActionMask = 2147483647;
			files = (
				FAAA60541DD8F89500F79418 /* LaunchScreen.storyboard in Resources */,
				FAAA60511DD8F89500F79418 /* Assets.xcassets in Resources */,
				FAAA60731DD91D4C00F79418 /* Init.storyboard in Resources */,
				FAAA604C1DD8F89500F79418 /* Semesters.storyboard in Resources */,
			);
			runOnlyForDeploymentPostprocessing = 0;
		};
/* End PBXResourcesBuildPhase section */

/* Begin PBXSourcesBuildPhase section */
		FAAA603F1DD8F89500F79418 /* Sources */ = {
			isa = PBXSourcesBuildPhase;
			buildActionMask = 2147483647;
			files = (
				FAAA60601DD8F90300F79418 /* SanAcademics.xcdatamodeld in Sources */,
				FAAA60711DD8FD8100F79418 /* SemestersSplitViewController.swift in Sources */,
				FAAA607D1DD926E100F79418 /* StudentsViewController.swift in Sources */,
				FAAA60631DD8F90300F79418 /* SemesterViewController.swift in Sources */,
				FAAA60471DD8F89500F79418 /* AppDelegate.swift in Sources */,
				FAAA60781DD9228500F79418 /* StudyPlansTableViewController.swift in Sources */,
				FAAA60621DD8F90300F79418 /* SemesterTableViewCell.swift in Sources */,
				FAAA607A1DD9231D00F79418 /* StudyPlanTableViewCell.swift in Sources */,
				FAAA60801DD9289300F79418 /* Utilities.swift in Sources */,
				FAAA60611DD8F90300F79418 /* SemestersTableViewController.swift in Sources */,
			);
			runOnlyForDeploymentPostprocessing = 0;
		};
/* End PBXSourcesBuildPhase section */

/* Begin PBXVariantGroup section */
		FAAA604A1DD8F89500F79418 /* Semesters.storyboard */ = {
			isa = PBXVariantGroup;
			children = (
				FAAA604B1DD8F89500F79418 /* Base */,
			);
			name = Semesters.storyboard;
			sourceTree = "<group>";
		};
		FAAA60521DD8F89500F79418 /* LaunchScreen.storyboard */ = {
			isa = PBXVariantGroup;
			children = (
				FAAA60531DD8F89500F79418 /* Base */,
			);
			name = LaunchScreen.storyboard;
			sourceTree = "<group>";
		};
/* End PBXVariantGroup section */

/* Begin XCBuildConfiguration section */
		FAAA60561DD8F89500F79418 /* Debug */ = {
			isa = XCBuildConfiguration;
			buildSettings = {
				ALWAYS_SEARCH_USER_PATHS = NO;
				CLANG_ANALYZER_NONNULL = YES;
				CLANG_CXX_LANGUAGE_STANDARD = "gnu++0x";
				CLANG_CXX_LIBRARY = "libc++";
				CLANG_ENABLE_MODULES = YES;
				CLANG_ENABLE_OBJC_ARC = YES;
				CLANG_WARN_BOOL_CONVERSION = YES;
				CLANG_WARN_CONSTANT_CONVERSION = YES;
				CLANG_WARN_DIRECT_OBJC_ISA_USAGE = YES_ERROR;
				CLANG_WARN_DOCUMENTATION_COMMENTS = YES;
				CLANG_WARN_EMPTY_BODY = YES;
				CLANG_WARN_ENUM_CONVERSION = YES;
				CLANG_WARN_INFINITE_RECURSION = YES;
				CLANG_WARN_INT_CONVERSION = YES;
				CLANG_WARN_OBJC_ROOT_CLASS = YES_ERROR;
				CLANG_WARN_SUSPICIOUS_MOVES = YES;
				CLANG_WARN_UNREACHABLE_CODE = YES;
				CLANG_WARN__DUPLICATE_METHOD_MATCH = YES;
				"CODE_SIGN_IDENTITY[sdk=iphoneos*]" = "iPhone Developer";
				COPY_PHASE_STRIP = NO;
				DEBUG_INFORMATION_FORMAT = dwarf;
				ENABLE_STRICT_OBJC_MSGSEND = YES;
				ENABLE_TESTABILITY = YES;
				GCC_C_LANGUAGE_STANDARD = gnu99;
				GCC_DYNAMIC_NO_PIC = NO;
				GCC_NO_COMMON_BLOCKS = YES;
				GCC_OPTIMIZATION_LEVEL = 0;
				GCC_PREPROCESSOR_DEFINITIONS = (
					"DEBUG=1",
					"$(inherited)",
				);
				GCC_WARN_64_TO_32_BIT_CONVERSION = YES;
				GCC_WARN_ABOUT_RETURN_TYPE = YES_ERROR;
				GCC_WARN_UNDECLARED_SELECTOR = YES;
				GCC_WARN_UNINITIALIZED_AUTOS = YES_AGGRESSIVE;
				GCC_WARN_UNUSED_FUNCTION = YES;
				GCC_WARN_UNUSED_VARIABLE = YES;
				IPHONEOS_DEPLOYMENT_TARGET = 10.1;
				MTL_ENABLE_DEBUG_INFO = YES;
				ONLY_ACTIVE_ARCH = YES;
				SDKROOT = iphoneos;
				SWIFT_ACTIVE_COMPILATION_CONDITIONS = DEBUG;
				SWIFT_OPTIMIZATION_LEVEL = "-Onone";
				TARGETED_DEVICE_FAMILY = "1,2";
			};
			name = Debug;
		};
		FAAA60571DD8F89500F79418 /* Release */ = {
			isa = XCBuildConfiguration;
			buildSettings = {
				ALWAYS_SEARCH_USER_PATHS = NO;
				CLANG_ANALYZER_NONNULL = YES;
				CLANG_CXX_LANGUAGE_STANDARD = "gnu++0x";
				CLANG_CXX_LIBRARY = "libc++";
				CLANG_ENABLE_MODULES = YES;
				CLANG_ENABLE_OBJC_ARC = YES;
				CLANG_WARN_BOOL_CONVERSION = YES;
				CLANG_WARN_CONSTANT_CONVERSION = YES;
				CLANG_WARN_DIRECT_OBJC_ISA_USAGE = YES_ERROR;
				CLANG_WARN_DOCUMENTATION_COMMENTS = YES;
				CLANG_WARN_EMPTY_BODY = YES;
				CLANG_WARN_ENUM_CONVERSION = YES;
				CLANG_WARN_INFINITE_RECURSION = YES;
				CLANG_WARN_INT_CONVERSION = YES;
				CLANG_WARN_OBJC_ROOT_CLASS = YES_ERROR;
				CLANG_WARN_SUSPICIOUS_MOVES = YES;
				CLANG_WARN_UNREACHABLE_CODE = YES;
				CLANG_WARN__DUPLICATE_METHOD_MATCH = YES;
				"CODE_SIGN_IDENTITY[sdk=iphoneos*]" = "iPhone Developer";
				COPY_PHASE_STRIP = NO;
				DEBUG_INFORMATION_FORMAT = "dwarf-with-dsym";
				ENABLE_NS_ASSERTIONS = NO;
				ENABLE_STRICT_OBJC_MSGSEND = YES;
				GCC_C_LANGUAGE_STANDARD = gnu99;
				GCC_NO_COMMON_BLOCKS = YES;
				GCC_WARN_64_TO_32_BIT_CONVERSION = YES;
				GCC_WARN_ABOUT_RETURN_TYPE = YES_ERROR;
				GCC_WARN_UNDECLARED_SELECTOR = YES;
				GCC_WARN_UNINITIALIZED_AUTOS = YES_AGGRESSIVE;
				GCC_WARN_UNUSED_FUNCTION = YES;
				GCC_WARN_UNUSED_VARIABLE = YES;
				IPHONEOS_DEPLOYMENT_TARGET = 10.1;
				MTL_ENABLE_DEBUG_INFO = NO;
				SDKROOT = iphoneos;
				SWIFT_OPTIMIZATION_LEVEL = "-Owholemodule";
				TARGETED_DEVICE_FAMILY = "1,2";
				VALIDATE_PRODUCT = YES;
			};
			name = Release;
		};
		FAAA60591DD8F89500F79418 /* Debug */ = {
			isa = XCBuildConfiguration;
			buildSettings = {
				ASSETCATALOG_COMPILER_APPICON_NAME = AppIcon;
				INFOPLIST_FILE = SanAcademics/Info.plist;
				LD_RUNPATH_SEARCH_PATHS = "$(inherited) @executable_path/Frameworks";
				PRODUCT_BUNDLE_IDENTIFIER = sanIdeas.SanAcademics;
				PRODUCT_NAME = "$(TARGET_NAME)";
				SWIFT_VERSION = 3.0;
			};
			name = Debug;
		};
		FAAA605A1DD8F89500F79418 /* Release */ = {
			isa = XCBuildConfiguration;
			buildSettings = {
				ASSETCATALOG_COMPILER_APPICON_NAME = AppIcon;
				INFOPLIST_FILE = SanAcademics/Info.plist;
				LD_RUNPATH_SEARCH_PATHS = "$(inherited) @executable_path/Frameworks";
				PRODUCT_BUNDLE_IDENTIFIER = sanIdeas.SanAcademics;
				PRODUCT_NAME = "$(TARGET_NAME)";
				SWIFT_VERSION = 3.0;
			};
			name = Release;
		};
/* End XCBuildConfiguration section */

/* Begin XCConfigurationList section */
		FAAA603E1DD8F89500F79418 /* Build configuration list for PBXProject "SanAcademics" */ = {
			isa = XCConfigurationList;
			buildConfigurations = (
				FAAA60561DD8F89500F79418 /* Debug */,
				FAAA60571DD8F89500F79418 /* Release */,
			);
			defaultConfigurationIsVisible = 0;
			defaultConfigurationName = Release;
		};
		FAAA60581DD8F89500F79418 /* Build configuration list for PBXNativeTarget "SanAcademics" */ = {
			isa = XCConfigurationList;
			buildConfigurations = (
				FAAA60591DD8F89500F79418 /* Debug */,
				FAAA605A1DD8F89500F79418 /* Release */,
			);
			defaultConfigurationIsVisible = 0;
			defaultConfigurationName = Release;
		};
/* End XCConfigurationList section */

/* Begin XCVersionGroup section */
		FAAA605B1DD8F90300F79418 /* SanAcademics.xcdatamodeld */ = {
			isa = XCVersionGroup;
			children = (
				FAAA605C1DD8F90300F79418 /* SanAcademics.xcdatamodel */,
			);
			currentVersion = FAAA605C1DD8F90300F79418 /* SanAcademics.xcdatamodel */;
			path = SanAcademics.xcdatamodeld;
			sourceTree = "<group>";
			versionGroupType = wrapper.xcdatamodel;
		};
/* End XCVersionGroup section */
	};
	rootObject = FAAA603B1DD8F89500F79418 /* Project object */;
}
